lockfileVersion: 5.4

specifiers:
  '@rollup/plugin-typescript': ^8.2.5
  '@types/node': ^16.11.0
  '@types/rollup-plugin-visualizer': ^4.2.1
  '@vitejs/plugin-vue': ^3.0.3
  '@vue/compiler-sfc': ^3.2.20
  rollup-plugin-typescript2: ^0.34.1
  rollup-plugin-visualizer: ^5.8.0
  sass: ^1.45.1
  typescript: ^4.6.4
  vite: ^3.0.9
  vite-plugin-dts: ^0.8.3
  vite-plugin-style-import: ^1.2.1
  vue: ^3.2.37
  vue-tsc: ^0.40.1
  vue3-sfc-loader: ^0.8.4

dependencies:
  vue: 3.2.47
  vue3-sfc-loader: 0.8.4

devDependencies:
  '@rollup/plugin-typescript': 8.5.0_typescript@4.9.5
  '@types/node': 16.18.14
  '@types/rollup-plugin-visualizer': 4.2.1
  '@vitejs/plugin-vue': 3.2.0_vite@3.2.5+vue@3.2.47
  '@vue/compiler-sfc': 3.2.47
  rollup-plugin-typescript2: 0.34.1_typescript@4.9.5
  rollup-plugin-visualizer: 5.9.0
  sass: 1.58.3
  typescript: 4.9.5
  vite: 3.2.5_fpjv4tsigblrciiftj5iuq7r5i
  vite-plugin-dts: 0.8.3_vite@3.2.5
  vite-plugin-style-import: 1.4.1_vite@3.2.5
  vue-tsc: 0.40.13_typescript@4.9.5

packages:
  /@babel/helper-string-parser/7.19.4:
    resolution:
      {
        integrity: sha512-nHtDoQcuqFmwYNYPz3Rah5ph2p8PFeFCsZk9A/48dPc/rGocJ5J3hAAZ7pb76VWX3fZKu+uEr/FhH5jLx7umrw==,
      }
    engines: { node: '>=6.9.0' }

  /@babel/helper-validator-identifier/7.19.1:
    resolution:
      {
        integrity: sha512-awrNfaMtnHUr653GgGEs++LlAvW6w+DcPrOliSMXWCKo597CwL5Acf/wWdNkf/tfEQE3mjkeD1YOVZOUV/od1w==,
      }
    engines: { node: '>=6.9.0' }

  /@babel/parser/7.21.2:
    resolution:
      {
        integrity: sha512-URpaIJQwEkEC2T9Kn+Ai6Xe/02iNaVCuT/PtoRz3GPVJVDpPd7mLo+VddTbhCRU9TXqW5mSrQfXZyi8kDKOVpQ==,
      }
    engines: { node: '>=6.0.0' }
    hasBin: true
    dependencies:
      '@babel/types': 7.21.2

  /@babel/types/7.21.2:
    resolution:
      {
        integrity: sha512-3wRZSs7jiFaB8AjxiiD+VqN5DTG2iRvJGQ+qYFrs/654lg6kGTQWIOFjlBo5RaXuAZjBmP3+OQH4dmhqiiyYxw==,
      }
    engines: { node: '>=6.9.0' }
    dependencies:
      '@babel/helper-string-parser': 7.19.4
      '@babel/helper-validator-identifier': 7.19.1
      to-fast-properties: 2.0.0

  /@esbuild/android-arm/0.15.18:
    resolution:
      {
        integrity: sha512-5GT+kcs2WVGjVs7+boataCkO5Fg0y4kCjzkB5bAip7H4jfnOS3dA6KPiww9W1OEKTKeAcUVhdZGvgI65OXmUnw==,
      }
    engines: { node: '>=12' }
    cpu: [arm]
    os: [android]
    requiresBuild: true
    dev: true
    optional: true

  /@esbuild/linux-loong64/0.15.18:
    resolution:
      {
        integrity: sha512-L4jVKS82XVhw2nvzLg/19ClLWg0y27ulRwuP7lcyL6AbUWB5aPglXY3M21mauDQMDfRLs8cQmeT03r/+X3cZYQ==,
      }
    engines: { node: '>=12' }
    cpu: [loong64]
    os: [linux]
    requiresBuild: true
    dev: true
    optional: true

  /@nodelib/fs.scandir/2.1.5:
    resolution:
      {
        integrity: sha512-vq24Bq3ym5HEQm2NKCr3yXDwjc7vTsEThRDnkp2DK9p1uqLR+DHurm/NOTo0KG7HYHU7eppKZj3MyqYuMBf62g==,
      }
    engines: { node: '>= 8' }
    dependencies:
      '@nodelib/fs.stat': 2.0.5
      run-parallel: 1.2.0
    dev: true

  /@nodelib/fs.stat/2.0.5:
    resolution:
      {
        integrity: sha512-RkhPPp2zrqDAQA/2jNhnztcPAlv64XdhIp7a7454A5ovI7Bukxgt7MX7udwAu3zg1DcpPU0rz3VV1SeaqvY4+A==,
      }
    engines: { node: '>= 8' }
    dev: true

  /@nodelib/fs.walk/1.2.8:
    resolution:
      {
        integrity: sha512-oGB+UxlgWcgQkgwo8GcEGwemoTFt3FIO9ababBmaGwXIoBKZ+GTy0pP185beGg7Llih/NSHSV2XAs1lnznocSg==,
      }
    engines: { node: '>= 8' }
    dependencies:
      '@nodelib/fs.scandir': 2.1.5
      fastq: 1.15.0
    dev: true

  /@rollup/plugin-typescript/8.5.0_typescript@4.9.5:
    resolution:
      {
        integrity: sha512-wMv1/scv0m/rXx21wD2IsBbJFba8wGF3ErJIr6IKRfRj49S85Lszbxb4DCo8iILpluTjk2GAAu9CoZt4G3ppgQ==,
      }
    engines: { node: '>=8.0.0' }
    peerDependencies:
      rollup: ^2.14.0
      tslib: '*'
      typescript: '>=3.7.0'
    peerDependenciesMeta:
      tslib:
        optional: true
    dependencies:
      '@rollup/pluginutils': 3.1.0
      resolve: 1.22.1
      typescript: 4.9.5
    dev: true

  /@rollup/pluginutils/3.1.0:
    resolution:
      {
        integrity: sha512-GksZ6pr6TpIjHm8h9lSQ8pi8BE9VeubNT0OMJ3B5uZJ8pz73NPiqOtCog/x2/QzM1ENChPKxMDhiQuRHsqc+lg==,
      }
    engines: { node: '>= 8.0.0' }
    peerDependencies:
      rollup: ^1.20.0||^2.0.0
    dependencies:
      '@types/estree': 0.0.39
      estree-walker: 1.0.1
      picomatch: 2.3.1
    dev: true

  /@rollup/pluginutils/4.2.1:
    resolution:
      {
        integrity: sha512-iKnFXr7NkdZAIHiIWE+BX5ULi/ucVFYWD6TbAV+rZctiRTY2PL6tsIKhoIOaoskiWAkgu+VsbXgUVDNLHf+InQ==,
      }
    engines: { node: '>= 8.0.0' }
    dependencies:
      estree-walker: 2.0.2
      picomatch: 2.3.1
    dev: true

  /@ts-morph/common/0.10.1:
    resolution:
      {
        integrity: sha512-rKN/VtZUUlW4M+6vjLFSaFc1Z9sK+1hh0832ucPtPkXqOw/mSWE80Lau4z2zTPNTqtxAjfZbvKpQcEwJy0KIEg==,
      }
    dependencies:
      fast-glob: 3.2.12
      minimatch: 3.1.2
      mkdirp: 1.0.4
      path-browserify: 1.0.1
    dev: true

  /@types/estree/0.0.39:
    resolution:
      {
        integrity: sha512-EYNwp3bU+98cpU4lAWYYL7Zz+2gryWH1qbdDTidVd6hkiR6weksdbMadyXKXNPEkQFhXM+hVO9ZygomHXp+AIw==,
      }
    dev: true

  /@types/node/16.18.14:
    resolution:
      {
        integrity: sha512-wvzClDGQXOCVNU4APPopC2KtMYukaF1MN/W3xAmslx22Z4/IF1/izDMekuyoUlwfnDHYCIZGaj7jMwnJKBTxKw==,
      }
    dev: true

  /@types/rollup-plugin-visualizer/4.2.1:
    resolution:
      {
        integrity: sha512-Fk4y0EgmsSbvbayYhtSI9+cGvgw1rcQ9RlbExkQt4ivXRdiEwFKuRpxNuJCr0JktXIvOPUuPR7GSmtyZu0dujQ==,
      }
    dependencies:
      '@types/node': 16.18.14
      rollup: 2.79.1
    dev: true

  /@vitejs/plugin-vue/3.2.0_vite@3.2.5+vue@3.2.47:
    resolution:
      {
        integrity: sha512-E0tnaL4fr+qkdCNxJ+Xd0yM31UwMkQje76fsDVBBUCoGOUPexu2VDUYHL8P4CwV+zMvWw6nlRw19OnRKmYAJpw==,
      }
    engines: { node: ^14.18.0 || >=16.0.0 }
    peerDependencies:
      vite: ^3.0.0
      vue: ^3.2.25
    dependencies:
      vite: 3.2.5_fpjv4tsigblrciiftj5iuq7r5i
      vue: 3.2.47
    dev: true

  /@volar/code-gen/0.40.13:
    resolution:
      {
        integrity: sha512-4gShBWuMce868OVvgyA1cU5WxHbjfEme18Tw6uVMfweZCF5fB2KECG0iPrA9D54vHk3FeHarODNwgIaaFfUBlA==,
      }
    dependencies:
      '@volar/source-map': 0.40.13
    dev: true

  /@volar/source-map/0.40.13:
    resolution:
      {
        integrity: sha512-dbdkAB2Nxb0wLjAY5O64o3ywVWlAGONnBIoKAkXSf6qkGZM+nJxcizsoiI66K+RHQG0XqlyvjDizfnTxr+6PWg==,
      }
    dependencies:
      '@vue/reactivity': 3.2.38
    dev: true

  /@volar/typescript-faster/0.40.13:
    resolution:
      {
        integrity: sha512-uy+TlcFkKoNlKEnxA4x5acxdxLyVDIXGSc8cYDNXpPKjBKXrQaetzCzlO3kVBqu1VLMxKNGJMTKn35mo+ILQmw==,
      }
    dependencies:
      semver: 7.3.8
    dev: true

  /@volar/vue-language-core/0.40.13:
    resolution:
      {
        integrity: sha512-QkCb8msi2KUitTdM6Y4kAb7/ZlEvuLcbBFOC2PLBlFuoZwyxvSP7c/dBGmKGtJlEvMX0LdCyrg5V2aBYxD38/Q==,
      }
    dependencies:
      '@volar/code-gen': 0.40.13
      '@volar/source-map': 0.40.13
      '@vue/compiler-core': 3.2.47
      '@vue/compiler-dom': 3.2.47
      '@vue/compiler-sfc': 3.2.47
      '@vue/reactivity': 3.2.47
      '@vue/shared': 3.2.47
    dev: true

  /@volar/vue-typescript/0.40.13:
    resolution:
      {
        integrity: sha512-o7bNztwjs8JmbQjVkrnbZUOfm7q4B8ZYssETISN1tRaBdun6cfNqgpkvDYd+VUBh1O4CdksvN+5BUNnwAz4oCQ==,
      }
    dependencies:
      '@volar/code-gen': 0.40.13
      '@volar/typescript-faster': 0.40.13
      '@volar/vue-language-core': 0.40.13
    dev: true

  /@vue/compiler-core/3.2.47:
    resolution:
      {
        integrity: sha512-p4D7FDnQb7+YJmO2iPEv0SQNeNzcbHdGByJDsT4lynf63AFkOTFN07HsiRSvjGo0QrxR/o3d0hUyNCUnBU2Tig==,
      }
    dependencies:
      '@babel/parser': 7.21.2
      '@vue/shared': 3.2.47
      estree-walker: 2.0.2
      source-map: 0.6.1

  /@vue/compiler-dom/3.2.47:
    resolution:
      {
        integrity: sha512-dBBnEHEPoftUiS03a4ggEig74J2YBZ2UIeyfpcRM2tavgMWo4bsEfgCGsu+uJIL/vax9S+JztH8NmQerUo7shQ==,
      }
    dependencies:
      '@vue/compiler-core': 3.2.47
      '@vue/shared': 3.2.47

  /@vue/compiler-sfc/3.2.47:
    resolution:
      {
        integrity: sha512-rog05W+2IFfxjMcFw10tM9+f7i/+FFpZJJ5XHX72NP9eC2uRD+42M3pYcQqDXVYoj74kHMSEdQ/WmCjt8JFksQ==,
      }
    dependencies:
      '@babel/parser': 7.21.2
      '@vue/compiler-core': 3.2.47
      '@vue/compiler-dom': 3.2.47
      '@vue/compiler-ssr': 3.2.47
      '@vue/reactivity-transform': 3.2.47
      '@vue/shared': 3.2.47
      estree-walker: 2.0.2
      magic-string: 0.25.9
      postcss: 8.4.21
      source-map: 0.6.1

  /@vue/compiler-ssr/3.2.47:
    resolution:
      {
        integrity: sha512-wVXC+gszhulcMD8wpxMsqSOpvDZ6xKXSVWkf50Guf/S+28hTAXPDYRTbLQ3EDkOP5Xz/+SY37YiwDquKbJOgZw==,
      }
    dependencies:
      '@vue/compiler-dom': 3.2.47
      '@vue/shared': 3.2.47

  /@vue/reactivity-transform/3.2.47:
    resolution:
      {
        integrity: sha512-m8lGXw8rdnPVVIdIFhf0LeQ/ixyHkH5plYuS83yop5n7ggVJU+z5v0zecwEnX7fa7HNLBhh2qngJJkxpwEEmYA==,
      }
    dependencies:
      '@babel/parser': 7.21.2
      '@vue/compiler-core': 3.2.47
      '@vue/shared': 3.2.47
      estree-walker: 2.0.2
      magic-string: 0.25.9

  /@vue/reactivity/3.2.38:
    resolution:
      {
        integrity: sha512-6L4myYcH9HG2M25co7/BSo0skKFHpAN8PhkNPM4xRVkyGl1K5M3Jx4rp5bsYhvYze2K4+l+pioN4e6ZwFLUVtw==,
      }
    dependencies:
      '@vue/shared': 3.2.38
    dev: true

  /@vue/reactivity/3.2.47:
    resolution:
      {
        integrity: sha512-7khqQ/75oyyg+N/e+iwV6lpy1f5wq759NdlS1fpAhFXa8VeAIKGgk2E/C4VF59lx5b+Ezs5fpp/5WsRYXQiKxQ==,
      }
    dependencies:
      '@vue/shared': 3.2.47

  /@vue/runtime-core/3.2.47:
    resolution:
      {
        integrity: sha512-RZxbLQIRB/K0ev0K9FXhNbBzT32H9iRtYbaXb0ZIz2usLms/D55dJR2t6cIEUn6vyhS3ALNvNthI+Q95C+NOpA==,
      }
    dependencies:
      '@vue/reactivity': 3.2.47
      '@vue/shared': 3.2.47

  /@vue/runtime-dom/3.2.47:
    resolution:
      {
        integrity: sha512-ArXrFTjS6TsDei4qwNvgrdmHtD930KgSKGhS5M+j8QxXrDJYLqYw4RRcDy1bz1m1wMmb6j+zGLifdVHtkXA7gA==,
      }
    dependencies:
      '@vue/runtime-core': 3.2.47
      '@vue/shared': 3.2.47
      csstype: 2.6.21

  /@vue/server-renderer/3.2.47_vue@3.2.47:
    resolution:
      {
        integrity: sha512-dN9gc1i8EvmP9RCzvneONXsKfBRgqFeFZLurmHOveL7oH6HiFXJw5OGu294n1nHc/HMgTy6LulU/tv5/A7f/LA==,
      }
    peerDependencies:
      vue: 3.2.47
    dependencies:
      '@vue/compiler-ssr': 3.2.47
      '@vue/shared': 3.2.47
      vue: 3.2.47

  /@vue/shared/3.2.38:
    resolution:
      {
        integrity: sha512-dTyhTIRmGXBjxJE+skC8tTWCGLCVc4wQgRRLt8+O9p5ewBAjoBwtCAkLPrtToSr1xltoe3st21Pv953aOZ7alg==,
      }
    dev: true

  /@vue/shared/3.2.47:
    resolution:
      {
        integrity: sha512-BHGyyGN3Q97EZx0taMQ+OLNuZcW3d37ZEVmEAyeoA9ERdGvm9Irc/0Fua8SNyOtV1w6BS4q25wbMzJujO9HIfQ==,
      }

  /ansi-regex/5.0.1:
    resolution:
      {
        integrity: sha512-quJQXlTSUGL2LH9SUXo8VwsY4soanhgo6LNSm84E1LBcE8s3O0wpdiRzyR9z/ZZJMlMWv37qOOb9pdJlMUEKFQ==,
      }
    engines: { node: '>=8' }
    dev: true

  /ansi-styles/4.3.0:
    resolution:
      {
        integrity: sha512-zbB9rCJAT1rbjiVDb2hqKFHNYLxgtk8NURxZ3IZwD3F6NtxbXZQCnnSi1Lkx+IDohdPlFp222wVALIheZJQSEg==,
      }
    engines: { node: '>=8' }
    dependencies:
      color-convert: 2.0.1
    dev: true

  /anymatch/3.1.3:
    resolution:
      {
        integrity: sha512-KMReFUr0B4t+D+OBkjR3KYqvocp2XaSzO55UcB6mgQMd3KbcE+mWTyvVV7D/zsdEbNnV6acZUutkiHQXvTr1Rw==,
      }
    engines: { node: '>= 8' }
    dependencies:
      normalize-path: 3.0.0
      picomatch: 2.3.1
    dev: true

  /balanced-match/1.0.2:
    resolution:
      {
        integrity: sha512-3oSeUO0TMV67hN1AmbXsK4yaqU7tjiHlbxRDZOpH0KW9+CeX4bRAaX0Anxt0tx2MrpRpWwQaPwIlISEJhYU5Pw==,
      }
    dev: true

  /binary-extensions/2.2.0:
    resolution:
      {
        integrity: sha512-jDctJ/IVQbZoJykoeHbhXpOlNBqGNcwXJKJog42E5HDPUwQTSdjCHdihjj0DlnheQ7blbT6dHOafNAiS8ooQKA==,
      }
    engines: { node: '>=8' }
    dev: true

  /brace-expansion/1.1.11:
    resolution:
      {
        integrity: sha512-iCuPHDFgrHX7H2vEI/5xpz07zSHB00TpugqhmYtVmMO6518mCuRMoOYFldEBl0g187ufozdaHgWKcYFb61qGiA==,
      }
    dependencies:
      balanced-match: 1.0.2
      concat-map: 0.0.1
    dev: true

  /braces/3.0.2:
    resolution:
      {
        integrity: sha512-b8um+L1RzM3WDSzvhm6gIz1yfTbBt6YTlcEKAvsmqCZZFw46z626lVj9j1yEPW33H5H+lBQpZMP1k8l+78Ha0A==,
      }
    engines: { node: '>=8' }
    dependencies:
      fill-range: 7.0.1
    dev: true

  /camel-case/4.1.2:
    resolution:
      {
        integrity: sha512-gxGWBrTT1JuMx6R+o5PTXMmUnhnVzLQ9SNutD4YqKtI6ap897t3tKECYla6gCWEkplXnlNybEkZg9GEGxKFCgw==,
      }
    dependencies:
      pascal-case: 3.1.2
      tslib: 2.5.0
    dev: true

  /capital-case/1.0.4:
    resolution:
      {
        integrity: sha512-ds37W8CytHgwnhGGTi88pcPyR15qoNkOpYwmMMfnWqqWgESapLqvDx6huFjQ5vqWSn2Z06173XNA7LtMOeUh1A==,
      }
    dependencies:
      no-case: 3.0.4
      tslib: 2.5.0
      upper-case-first: 2.0.2
    dev: true

  /change-case/4.1.2:
    resolution:
      {
        integrity: sha512-bSxY2ws9OtviILG1EiY5K7NNxkqg/JnRnFxLtKQ96JaviiIxi7djMrSd0ECT9AC+lttClmYwKw53BWpOMblo7A==,
      }
    dependencies:
      camel-case: 4.1.2
      capital-case: 1.0.4
      constant-case: 3.0.4
      dot-case: 3.0.4
      header-case: 2.0.4
      no-case: 3.0.4
      param-case: 3.0.4
      pascal-case: 3.1.2
      path-case: 3.0.4
      sentence-case: 3.0.4
      snake-case: 3.0.4
      tslib: 2.5.0
    dev: true

  /chokidar/3.5.3:
    resolution:
      {
        integrity: sha512-Dr3sfKRP6oTcjf2JmUmFJfeVMvXBdegxB0iVQ5eb2V10uFJUCAS8OByZdVAyVb8xXNz3GjjTgj9kLWsZTqE6kw==,
      }
    engines: { node: '>= 8.10.0' }
    dependencies:
      anymatch: 3.1.3
      braces: 3.0.2
      glob-parent: 5.1.2
      is-binary-path: 2.1.0
      is-glob: 4.0.3
      normalize-path: 3.0.0
      readdirp: 3.6.0
    optionalDependencies:
      fsevents: 2.3.2
    dev: true

  /cliui/8.0.1:
    resolution:
      {
        integrity: sha512-BSeNnyus75C4//NQ9gQt1/csTXyo/8Sb+afLAkzAptFuMsod9HFokGNudZpi/oQV73hnVK+sR+5PVRMd+Dr7YQ==,
      }
    engines: { node: '>=12' }
    dependencies:
      string-width: 4.2.3
      strip-ansi: 6.0.1
      wrap-ansi: 7.0.0
    dev: true

  /code-block-writer/10.1.1:
    resolution:
      {
        integrity: sha512-67ueh2IRGst/51p0n6FvPrnRjAGHY5F8xdjkgrYE7DDzpJe6qA07RYQ9VcoUeo5ATOjSOiWpSL3SWBRRbempMw==,
      }
    dev: true

  /color-convert/2.0.1:
    resolution:
      {
        integrity: sha512-RRECPsj7iu/xb5oKYcsFHSppFNnsj/52OVTRKb4zP5onXwVF3zVmmToNcOfGC+CRDpfK/U584fMg38ZHCaElKQ==,
      }
    engines: { node: '>=7.0.0' }
    dependencies:
      color-name: 1.1.4
    dev: true

  /color-name/1.1.4:
    resolution:
      {
        integrity: sha512-dOy+3AuW3a2wNbZHIuMZpTcgjGuLU/uBL/ubcZF9OXbDo8ff4O8yVp5Bf0efS8uEoYo5q4Fx7dY9OgQGXgAsQA==,
      }
    dev: true

  /commondir/1.0.1:
    resolution:
      {
        integrity: sha512-W9pAhw0ja1Edb5GVdIF1mjZw/ASI0AlShXM83UUGe2DVr5TdAPEA1OA8m/g8zWp9x6On7gqufY+FatDbC3MDQg==,
      }
    dev: true

  /concat-map/0.0.1:
    resolution:
      {
        integrity: sha512-/Srv4dswyQNBfohGpz9o6Yb3Gz3SrUDqBH5rTuhGR7ahtlbYKnVxw2bCFMRljaA7EXHaXZ8wsHdodFvbkhKmqg==,
      }
    dev: true

  /constant-case/3.0.4:
    resolution:
      {
        integrity: sha512-I2hSBi7Vvs7BEuJDr5dDHfzb/Ruj3FyvFyh7KLilAjNQw3Be+xgqUBA2W6scVEcL0hL1dwPRtIqEPVUCKkSsyQ==,
      }
    dependencies:
      no-case: 3.0.4
      tslib: 2.5.0
      upper-case: 2.0.2
    dev: true

  /csstype/2.6.21:
    resolution:
      {
        integrity: sha512-Z1PhmomIfypOpoMjRQB70jfvy/wxT50qW08YXO5lMIJkrdq4yOTR+AW7FqutScmB9NkLwxo+jU+kZLbofZZq/w==,
      }

  /debug/4.3.4:
    resolution:
      {
        integrity: sha512-PRWFHuSU3eDtQJPvnNY7Jcket1j0t5OuOsFzPPzsekD52Zl8qUfFIPEiswXqIvHWGVHOgX+7G/vCNNhehwxfkQ==,
      }
    engines: { node: '>=6.0' }
    peerDependencies:
      supports-color: '*'
    peerDependenciesMeta:
      supports-color:
        optional: true
    dependencies:
      ms: 2.1.2
    dev: true

  /define-lazy-prop/2.0.0:
    resolution:
      {
        integrity: sha512-Ds09qNh8yw3khSjiJjiUInaGX9xlqZDY7JVryGxdxV7NPeuqQfplOpQ66yJFZut3jLa5zOwkXw1g9EI2uKh4Og==,
      }
    engines: { node: '>=8' }
    dev: true

  /dot-case/3.0.4:
    resolution:
      {
        integrity: sha512-Kv5nKlh6yRrdrGvxeJ2e5y2eRUpkUosIW4A2AS38zwSz27zu7ufDwQPi5Jhs3XAlGNetl3bmnGhQsMtkKJnj3w==,
      }
    dependencies:
      no-case: 3.0.4
      tslib: 2.5.0
    dev: true

  /emoji-regex/8.0.0:
    resolution:
      {
        integrity: sha512-MSjYzcWNOA0ewAHpz0MxpYFvwg6yjy1NG3xteoqz644VCo/RPgnr1/GGt+ic3iJTzQ8Eu3TdM14SawnVUmGE6A==,
      }
    dev: true

  /es-module-lexer/0.9.3:
    resolution:
      {
        integrity: sha512-1HQ2M2sPtxwnvOvT1ZClHyQDiggdNjURWpY2we6aMKCQiUVxTmVs2UYPLIrD84sS+kMdUwfBSylbJPwNnBrnHQ==,
      }
    dev: true

  /esbuild-android-64/0.15.18:
    resolution:
      {
        integrity: sha512-wnpt3OXRhcjfIDSZu9bnzT4/TNTDsOUvip0foZOUBG7QbSt//w3QV4FInVJxNhKc/ErhUxc5z4QjHtMi7/TbgA==,
      }
    engines: { node: '>=12' }
    cpu: [x64]
    os: [android]
    requiresBuild: true
    dev: true
    optional: true

  /esbuild-android-arm64/0.15.18:
    resolution:
      {
        integrity: sha512-G4xu89B8FCzav9XU8EjsXacCKSG2FT7wW9J6hOc18soEHJdtWu03L3TQDGf0geNxfLTtxENKBzMSq9LlbjS8OQ==,
      }
    engines: { node: '>=12' }
    cpu: [arm64]
    os: [android]
    requiresBuild: true
    dev: true
    optional: true

  /esbuild-darwin-64/0.15.18:
    resolution:
      {
        integrity: sha512-2WAvs95uPnVJPuYKP0Eqx+Dl/jaYseZEUUT1sjg97TJa4oBtbAKnPnl3b5M9l51/nbx7+QAEtuummJZW0sBEmg==,
      }
    engines: { node: '>=12' }
    cpu: [x64]
    os: [darwin]
    requiresBuild: true
    dev: true
    optional: true

  /esbuild-darwin-arm64/0.15.18:
    resolution:
      {
        integrity: sha512-tKPSxcTJ5OmNb1btVikATJ8NftlyNlc8BVNtyT/UAr62JFOhwHlnoPrhYWz09akBLHI9nElFVfWSTSRsrZiDUA==,
      }
    engines: { node: '>=12' }
    cpu: [arm64]
    os: [darwin]
    requiresBuild: true
    dev: true
    optional: true

  /esbuild-freebsd-64/0.15.18:
    resolution:
      {
        integrity: sha512-TT3uBUxkteAjR1QbsmvSsjpKjOX6UkCstr8nMr+q7zi3NuZ1oIpa8U41Y8I8dJH2fJgdC3Dj3CXO5biLQpfdZA==,
      }
    engines: { node: '>=12' }
    cpu: [x64]
    os: [freebsd]
    requiresBuild: true
    dev: true
    optional: true

  /esbuild-freebsd-arm64/0.15.18:
    resolution:
      {
        integrity: sha512-R/oVr+X3Tkh+S0+tL41wRMbdWtpWB8hEAMsOXDumSSa6qJR89U0S/PpLXrGF7Wk/JykfpWNokERUpCeHDl47wA==,
      }
    engines: { node: '>=12' }
    cpu: [arm64]
    os: [freebsd]
    requiresBuild: true
    dev: true
    optional: true

  /esbuild-linux-32/0.15.18:
    resolution:
      {
        integrity: sha512-lphF3HiCSYtaa9p1DtXndiQEeQDKPl9eN/XNoBf2amEghugNuqXNZA/ZovthNE2aa4EN43WroO0B85xVSjYkbg==,
      }
    engines: { node: '>=12' }
    cpu: [ia32]
    os: [linux]
    requiresBuild: true
    dev: true
    optional: true

  /esbuild-linux-64/0.15.18:
    resolution:
      {
        integrity: sha512-hNSeP97IviD7oxLKFuii5sDPJ+QHeiFTFLoLm7NZQligur8poNOWGIgpQ7Qf8Balb69hptMZzyOBIPtY09GZYw==,
      }
    engines: { node: '>=12' }
    cpu: [x64]
    os: [linux]
    requiresBuild: true
    dev: true
    optional: true

  /esbuild-linux-arm/0.15.18:
    resolution:
      {
        integrity: sha512-UH779gstRblS4aoS2qpMl3wjg7U0j+ygu3GjIeTonCcN79ZvpPee12Qun3vcdxX+37O5LFxz39XeW2I9bybMVA==,
      }
    engines: { node: '>=12' }
    cpu: [arm]
    os: [linux]
    requiresBuild: true
    dev: true
    optional: true

  /esbuild-linux-arm64/0.15.18:
    resolution:
      {
        integrity: sha512-54qr8kg/6ilcxd+0V3h9rjT4qmjc0CccMVWrjOEM/pEcUzt8X62HfBSeZfT2ECpM7104mk4yfQXkosY8Quptug==,
      }
    engines: { node: '>=12' }
    cpu: [arm64]
    os: [linux]
    requiresBuild: true
    dev: true
    optional: true

  /esbuild-linux-mips64le/0.15.18:
    resolution:
      {
        integrity: sha512-Mk6Ppwzzz3YbMl/ZZL2P0q1tnYqh/trYZ1VfNP47C31yT0K8t9s7Z077QrDA/guU60tGNp2GOwCQnp+DYv7bxQ==,
      }
    engines: { node: '>=12' }
    cpu: [mips64el]
    os: [linux]
    requiresBuild: true
    dev: true
    optional: true

  /esbuild-linux-ppc64le/0.15.18:
    resolution:
      {
        integrity: sha512-b0XkN4pL9WUulPTa/VKHx2wLCgvIAbgwABGnKMY19WhKZPT+8BxhZdqz6EgkqCLld7X5qiCY2F/bfpUUlnFZ9w==,
      }
    engines: { node: '>=12' }
    cpu: [ppc64]
    os: [linux]
    requiresBuild: true
    dev: true
    optional: true

  /esbuild-linux-riscv64/0.15.18:
    resolution:
      {
        integrity: sha512-ba2COaoF5wL6VLZWn04k+ACZjZ6NYniMSQStodFKH/Pu6RxzQqzsmjR1t9QC89VYJxBeyVPTaHuBMCejl3O/xg==,
      }
    engines: { node: '>=12' }
    cpu: [riscv64]
    os: [linux]
    requiresBuild: true
    dev: true
    optional: true

  /esbuild-linux-s390x/0.15.18:
    resolution:
      {
        integrity: sha512-VbpGuXEl5FCs1wDVp93O8UIzl3ZrglgnSQ+Hu79g7hZu6te6/YHgVJxCM2SqfIila0J3k0csfnf8VD2W7u2kzQ==,
      }
    engines: { node: '>=12' }
    cpu: [s390x]
    os: [linux]
    requiresBuild: true
    dev: true
    optional: true

  /esbuild-netbsd-64/0.15.18:
    resolution:
      {
        integrity: sha512-98ukeCdvdX7wr1vUYQzKo4kQ0N2p27H7I11maINv73fVEXt2kyh4K4m9f35U1K43Xc2QGXlzAw0K9yoU7JUjOg==,
      }
    engines: { node: '>=12' }
    cpu: [x64]
    os: [netbsd]
    requiresBuild: true
    dev: true
    optional: true

  /esbuild-openbsd-64/0.15.18:
    resolution:
      {
        integrity: sha512-yK5NCcH31Uae076AyQAXeJzt/vxIo9+omZRKj1pauhk3ITuADzuOx5N2fdHrAKPxN+zH3w96uFKlY7yIn490xQ==,
      }
    engines: { node: '>=12' }
    cpu: [x64]
    os: [openbsd]
    requiresBuild: true
    dev: true
    optional: true

  /esbuild-sunos-64/0.15.18:
    resolution:
      {
        integrity: sha512-On22LLFlBeLNj/YF3FT+cXcyKPEI263nflYlAhz5crxtp3yRG1Ugfr7ITyxmCmjm4vbN/dGrb/B7w7U8yJR9yw==,
      }
    engines: { node: '>=12' }
    cpu: [x64]
    os: [sunos]
    requiresBuild: true
    dev: true
    optional: true

  /esbuild-windows-32/0.15.18:
    resolution:
      {
        integrity: sha512-o+eyLu2MjVny/nt+E0uPnBxYuJHBvho8vWsC2lV61A7wwTWC3jkN2w36jtA+yv1UgYkHRihPuQsL23hsCYGcOQ==,
      }
    engines: { node: '>=12' }
    cpu: [ia32]
    os: [win32]
    requiresBuild: true
    dev: true
    optional: true

  /esbuild-windows-64/0.15.18:
    resolution:
      {
        integrity: sha512-qinug1iTTaIIrCorAUjR0fcBk24fjzEedFYhhispP8Oc7SFvs+XeW3YpAKiKp8dRpizl4YYAhxMjlftAMJiaUw==,
      }
    engines: { node: '>=12' }
    cpu: [x64]
    os: [win32]
    requiresBuild: true
    dev: true
    optional: true

  /esbuild-windows-arm64/0.15.18:
    resolution:
      {
        integrity: sha512-q9bsYzegpZcLziq0zgUi5KqGVtfhjxGbnksaBFYmWLxeV/S1fK4OLdq2DFYnXcLMjlZw2L0jLsk1eGoB522WXQ==,
      }
    engines: { node: '>=12' }
    cpu: [arm64]
    os: [win32]
    requiresBuild: true
    dev: true
    optional: true

  /esbuild/0.15.18:
    resolution:
      {
        integrity: sha512-x/R72SmW3sSFRm5zrrIjAhCeQSAWoni3CmHEqfQrZIQTM3lVCdehdwuIqaOtfC2slvpdlLa62GYoN8SxT23m6Q==,
      }
    engines: { node: '>=12' }
    hasBin: true
    requiresBuild: true
    optionalDependencies:
      '@esbuild/android-arm': 0.15.18
      '@esbuild/linux-loong64': 0.15.18
      esbuild-android-64: 0.15.18
      esbuild-android-arm64: 0.15.18
      esbuild-darwin-64: 0.15.18
      esbuild-darwin-arm64: 0.15.18
      esbuild-freebsd-64: 0.15.18
      esbuild-freebsd-arm64: 0.15.18
      esbuild-linux-32: 0.15.18
      esbuild-linux-64: 0.15.18
      esbuild-linux-arm: 0.15.18
      esbuild-linux-arm64: 0.15.18
      esbuild-linux-mips64le: 0.15.18
      esbuild-linux-ppc64le: 0.15.18
      esbuild-linux-riscv64: 0.15.18
      esbuild-linux-s390x: 0.15.18
      esbuild-netbsd-64: 0.15.18
      esbuild-openbsd-64: 0.15.18
      esbuild-sunos-64: 0.15.18
      esbuild-windows-32: 0.15.18
      esbuild-windows-64: 0.15.18
      esbuild-windows-arm64: 0.15.18
    dev: true

  /escalade/3.1.1:
    resolution:
      {
        integrity: sha512-k0er2gUkLf8O0zKJiAhmkTnJlTvINGv7ygDNPbeIsX/TJjGJZHuh9B2UxbsaEkmlEo9MfhrSzmhIlhRlI2GXnw==,
      }
    engines: { node: '>=6' }
    dev: true

  /estree-walker/1.0.1:
    resolution:
      {
        integrity: sha512-1fMXF3YP4pZZVozF8j/ZLfvnR8NSIljt56UhbZ5PeeDmmGHpgpdwQt7ITlGvYaQukCvuBRMLEiKiYC+oeIg4cg==,
      }
    dev: true

  /estree-walker/2.0.2:
    resolution:
      {
        integrity: sha512-Rfkk/Mp/DL7JVje3u18FxFujQlTNR2q6QfMSMB7AvCBx91NGj/ba3kCfza0f6dVDbw7YlRf/nDrn7pQrCCyQ/w==,
      }

  /fast-glob/3.2.12:
    resolution:
      {
        integrity: sha512-DVj4CQIYYow0BlaelwK1pHl5n5cRSJfM60UA0zK891sVInoPri2Ekj7+e1CT3/3qxXenpI+nBBmQAcJPJgaj4w==,
      }
    engines: { node: '>=8.6.0' }
    dependencies:
      '@nodelib/fs.stat': 2.0.5
      '@nodelib/fs.walk': 1.2.8
      glob-parent: 5.1.2
      merge2: 1.4.1
      micromatch: 4.0.5
    dev: true

  /fastq/1.15.0:
    resolution:
      {
        integrity: sha512-wBrocU2LCXXa+lWBt8RoIRD89Fi8OdABODa/kEnyeyjS5aZO5/GNvI5sEINADqP/h8M29UHTHUb53sUu5Ihqdw==,
      }
    dependencies:
      reusify: 1.0.4
    dev: true

  /fill-range/7.0.1:
    resolution:
      {
        integrity: sha512-qOo9F+dMUmC2Lcb4BbVvnKJxTPjCm+RRpe4gDuGrzkL7mEVl/djYSu2OdQ2Pa302N4oqkSg9ir6jaLWJ2USVpQ==,
      }
    engines: { node: '>=8' }
    dependencies:
      to-regex-range: 5.0.1
    dev: true

  /find-cache-dir/3.3.2:
    resolution:
      {
        integrity: sha512-wXZV5emFEjrridIgED11OoUKLxiYjAcqot/NJdAkOhlJ+vGzwhOAfcG5OX1jP+S0PcjEn8bdMJv+g2jwQ3Onig==,
      }
    engines: { node: '>=8' }
    dependencies:
      commondir: 1.0.1
      make-dir: 3.1.0
      pkg-dir: 4.2.0
    dev: true

  /find-up/4.1.0:
    resolution:
      {
        integrity: sha512-PpOwAdQ/YlXQ2vj8a3h8IipDuYRi3wceVQQGYWxNINccq40Anw7BlsEXCMbt1Zt+OLA6Fq9suIpIWD0OsnISlw==,
      }
    engines: { node: '>=8' }
    dependencies:
      locate-path: 5.0.0
      path-exists: 4.0.0
    dev: true

  /fs-extra/10.1.0:
    resolution:
      {
        integrity: sha512-oRXApq54ETRj4eMiFzGnHWGy+zo5raudjuxN0b8H7s/RU2oW0Wvsx9O0ACRN/kRq9E8Vu/ReskGB5o3ji+FzHQ==,
      }
    engines: { node: '>=12' }
    dependencies:
      graceful-fs: 4.2.10
      jsonfile: 6.1.0
      universalify: 2.0.0
    dev: true

  /fsevents/2.3.2:
    resolution:
      {
        integrity: sha512-xiqMQR4xAeHTuB9uWm+fFRcIOgKBMiOBP+eXiyT7jsgVCq1bkVygt00oASowB7EdtpOHaaPgKt812P9ab+DDKA==,
      }
    engines: { node: ^8.16.0 || ^10.6.0 || >=11.0.0 }
    os: [darwin]
    requiresBuild: true
    dev: true
    optional: true

  /function-bind/1.1.1:
    resolution:
      {
        integrity: sha512-yIovAzMX49sF8Yl58fSCWJ5svSLuaibPxXQJFLmBObTuCr0Mf1KiPopGM9NiFjiYBCbfaa2Fh6breQ6ANVTI0A==,
      }
    dev: true

  /get-caller-file/2.0.5:
    resolution:
      {
        integrity: sha512-DyFP3BM/3YHTQOCUL/w0OZHR0lpKeGrxotcHWcqNEdnltqFwXVfhEBQ94eIo34AfQpo0rGki4cyIiftY06h2Fg==,
      }
    engines: { node: 6.* || 8.* || >= 10.* }
    dev: true

  /glob-parent/5.1.2:
    resolution:
      {
        integrity: sha512-AOIgSQCepiJYwP3ARnGx+5VnTu2HBYdzbGP45eLw1vr3zB3vZLeyed1sC9hnbcOc9/SrMyM5RPQrkGz4aS9Zow==,
      }
    engines: { node: '>= 6' }
    dependencies:
      is-glob: 4.0.3
    dev: true

  /graceful-fs/4.2.10:
    resolution:
      {
        integrity: sha512-9ByhssR2fPVsNZj478qUUbKfmL0+t5BDVyjShtyZZLiK7ZDAArFFfopyOTj0M05wE2tJPisA4iTnnXl2YoPvOA==,
      }
    dev: true

  /has/1.0.3:
    resolution:
      {
        integrity: sha512-f2dvO0VU6Oej7RkWJGrehjbzMAjFp5/VKPp5tTpWIV4JHHZK1/BxbFRtf/siA2SWTe09caDmVtYYzWEIbBS4zw==,
      }
    engines: { node: '>= 0.4.0' }
    dependencies:
      function-bind: 1.1.1
    dev: true

  /header-case/2.0.4:
    resolution:
      {
        integrity: sha512-H/vuk5TEEVZwrR0lp2zed9OCo1uAILMlx0JEMgC26rzyJJ3N1v6XkwHHXJQdR2doSjcGPM6OKPYoJgf0plJ11Q==,
      }
    dependencies:
      capital-case: 1.0.4
      tslib: 2.5.0
    dev: true

  /immutable/4.2.4:
    resolution:
      {
        integrity: sha512-WDxL3Hheb1JkRN3sQkyujNlL/xRjAo3rJtaU5xeufUauG66JdMr32bLj4gF+vWl84DIA3Zxw7tiAjneYzRRw+w==,
      }
    dev: true

  /is-binary-path/2.1.0:
    resolution:
      {
        integrity: sha512-ZMERYes6pDydyuGidse7OsHxtbI7WVeUEozgR/g7rd0xUimYNlvZRE/K2MgZTjWy725IfelLeVcEM97mmtRGXw==,
      }
    engines: { node: '>=8' }
    dependencies:
      binary-extensions: 2.2.0
    dev: true

  /is-core-module/2.11.0:
    resolution:
      {
        integrity: sha512-RRjxlvLDkD1YJwDbroBHMb+cukurkDWNyHx7D3oNB5x9rb5ogcksMC5wHCadcXoo67gVr/+3GFySh3134zi6rw==,
      }
    dependencies:
      has: 1.0.3
    dev: true

  /is-docker/2.2.1:
    resolution:
      {
        integrity: sha512-F+i2BKsFrH66iaUFc0woD8sLy8getkwTwtOBjvs56Cx4CgJDeKQeqfz8wAYiSb8JOprWhHH5p77PbmYCvvUuXQ==,
      }
    engines: { node: '>=8' }
    hasBin: true
    dev: true

  /is-extglob/2.1.1:
    resolution:
      {
        integrity: sha512-SbKbANkN603Vi4jEZv49LeVJMn4yGwsbzZworEoyEiutsN3nJYdbO36zfhGJ6QEDpOZIFkDtnq5JRxmvl3jsoQ==,
      }
    engines: { node: '>=0.10.0' }
    dev: true

  /is-fullwidth-code-point/3.0.0:
    resolution:
      {
        integrity: sha512-zymm5+u+sCsSWyD9qNaejV3DFvhCKclKdizYaJUuHA83RLjb7nSuGnddCHGv0hk+KY7BMAlsWeK4Ueg6EV6XQg==,
      }
    engines: { node: '>=8' }
    dev: true

  /is-glob/4.0.3:
    resolution:
      {
        integrity: sha512-xelSayHH36ZgE7ZWhli7pW34hNbNl8Ojv5KVmkJD4hBdD3th8Tfk9vYasLM+mXWOZhFkgZfxhLSnrwRr4elSSg==,
      }
    engines: { node: '>=0.10.0' }
    dependencies:
      is-extglob: 2.1.1
    dev: true

  /is-number/7.0.0:
    resolution:
      {
        integrity: sha512-41Cifkg6e8TylSpdtTpeLVMqvSBEVzTttHvERD741+pnZ8ANv0004MRL43QKPDlK9cGvNp6NZWZUBlbGXYxxng==,
      }
    engines: { node: '>=0.12.0' }
    dev: true

  /is-wsl/2.2.0:
    resolution:
      {
        integrity: sha512-fKzAra0rGJUUBwGBgNkHZuToZcn+TtXHpeCgmkMJMMYx1sQDYaCSyjJBSCa2nH1DGm7s3n1oBnohoVTBaN7Lww==,
      }
    engines: { node: '>=8' }
    dependencies:
      is-docker: 2.2.1
    dev: true

  /jsonfile/6.1.0:
    resolution:
      {
        integrity: sha512-5dgndWOriYSm5cnYaJNhalLNDKOqFwyDB/rr1E9ZsGciGvKPs8R2xYGCacuf3z6K1YKDz182fd+fY3cn3pMqXQ==,
      }
    dependencies:
      universalify: 2.0.0
    optionalDependencies:
      graceful-fs: 4.2.10
    dev: true

  /locate-path/5.0.0:
    resolution:
      {
        integrity: sha512-t7hw9pI+WvuwNJXwk5zVHpyhIqzg2qTlklJOf0mVxGSbe3Fp2VieZcduNYjaLDoy6p9uGpQEGWG87WpMKlNq8g==,
      }
    engines: { node: '>=8' }
    dependencies:
      p-locate: 4.1.0
    dev: true

  /lower-case/2.0.2:
    resolution:
      {
        integrity: sha512-7fm3l3NAF9WfN6W3JOmf5drwpVqX78JtoGJ3A6W0a6ZnldM41w2fV5D490psKFTpMds8TJse/eHLFFsNHHjHgg==,
      }
    dependencies:
      tslib: 2.5.0
    dev: true

  /lru-cache/6.0.0:
    resolution:
      {
        integrity: sha512-Jo6dJ04CmSjuznwJSS3pUeWmd/H0ffTlkXXgwZi+eq1UCmqQwCh+eLsYOYCwY991i2Fah4h1BEMCx4qThGbsiA==,
      }
    engines: { node: '>=10' }
    dependencies:
      yallist: 4.0.0
    dev: true

  /magic-string/0.25.9:
    resolution:
      {
        integrity: sha512-RmF0AsMzgt25qzqqLc1+MbHmhdx0ojF2Fvs4XnOqz2ZOBXzzkEwc/dJQZCYHAn7v1jbVOjAZfK8msRn4BxO4VQ==,
      }
    dependencies:
      sourcemap-codec: 1.4.8

  /make-dir/3.1.0:
    resolution:
      {
        integrity: sha512-g3FeP20LNwhALb/6Cz6Dd4F2ngze0jz7tbzrD2wAV+o9FeNHe4rL+yK2md0J/fiSf1sa1ADhXqi5+oVwOM/eGw==,
      }
    engines: { node: '>=8' }
    dependencies:
      semver: 6.3.0
    dev: true

  /merge2/1.4.1:
    resolution:
      {
        integrity: sha512-8q7VEgMJW4J8tcfVPy8g09NcQwZdbwFEqhe/WZkoIzjn/3TGDwtOCYtXGxA3O8tPzpczCCDgv+P2P5y00ZJOOg==,
      }
    engines: { node: '>= 8' }
    dev: true

  /micromatch/4.0.5:
    resolution:
      {
        integrity: sha512-DMy+ERcEW2q8Z2Po+WNXuw3c5YaUSFjAO5GsJqfEl7UjvtIuFKO6ZrKvcItdy98dwFI2N1tg3zNIdKaQT+aNdA==,
      }
    engines: { node: '>=8.6' }
    dependencies:
      braces: 3.0.2
      picomatch: 2.3.1
    dev: true

  /minimatch/3.1.2:
    resolution:
      {
        integrity: sha512-J7p63hRiAjw1NDEww1W7i37+ByIrOWO5XQQAzZ3VOcL0PNybwpfmV/N05zFAzwQ9USyEcX6t3UO+K5aqBQOIHw==,
      }
    dependencies:
      brace-expansion: 1.1.11
    dev: true

  /mkdirp/1.0.4:
    resolution:
      {
        integrity: sha512-vVqVZQyf3WLx2Shd0qJ9xuvqgAyKPLAiqITEtqW0oIUjzo3PePDd6fW9iFz30ef7Ysp/oiWqbhszeGWW2T6Gzw==,
      }
    engines: { node: '>=10' }
    hasBin: true
    dev: true

  /ms/2.1.2:
    resolution:
      {
        integrity: sha512-sGkPx+VjMtmA6MX27oA4FBFELFCZZ4S4XqeGOXCv68tT+jb3vk/RyaKWP0PTKyWtmLSM0b+adUTEvbs1PEaH2w==,
      }
    dev: true

  /nanoid/3.3.4:
    resolution:
      {
        integrity: sha512-MqBkQh/OHTS2egovRtLk45wEyNXwF+cokD+1YPf9u5VfJiRdAiRwB2froX5Co9Rh20xs4siNPm8naNotSD6RBw==,
      }
    engines: { node: ^10 || ^12 || ^13.7 || ^14 || >=15.0.1 }
    hasBin: true

  /no-case/3.0.4:
    resolution:
      {
        integrity: sha512-fgAN3jGAh+RoxUGZHTSOLJIqUc2wmoBwGR4tbpNAKmmovFoWq0OdRkb0VkldReO2a2iBT/OEulG9XSUc10r3zg==,
      }
    dependencies:
      lower-case: 2.0.2
      tslib: 2.5.0
    dev: true

  /normalize-path/3.0.0:
    resolution:
      {
        integrity: sha512-6eZs5Ls3WtCisHWp9S2GUy8dqkpGi4BVSz3GaqiE6ezub0512ESztXUwUB6C6IKbQkY2Pnb/mD4WYojCRwcwLA==,
      }
    engines: { node: '>=0.10.0' }
    dev: true

  /open/8.4.2:
    resolution:
      {
        integrity: sha512-7x81NCL719oNbsq/3mh+hVrAWmFuEYUqrq/Iw3kUzH8ReypT9QQ0BLoJS7/G9k6N81XjW4qHWtjWwe/9eLy1EQ==,
      }
    engines: { node: '>=12' }
    dependencies:
      define-lazy-prop: 2.0.0
      is-docker: 2.2.1
      is-wsl: 2.2.0
    dev: true

  /p-limit/2.3.0:
    resolution:
      {
        integrity: sha512-//88mFWSJx8lxCzwdAABTJL2MyWB12+eIY7MDL2SqLmAkeKU9qxRvWuSyTjm3FUmpBEMuFfckAIqEaVGUDxb6w==,
      }
    engines: { node: '>=6' }
    dependencies:
      p-try: 2.2.0
    dev: true

  /p-locate/4.1.0:
    resolution:
      {
        integrity: sha512-R79ZZ/0wAxKGu3oYMlz8jy/kbhsNrS7SKZ7PxEHBgJ5+F2mtFW2fK2cOtBh1cHYkQsbzFV7I+EoRKe6Yt0oK7A==,
      }
    engines: { node: '>=8' }
    dependencies:
      p-limit: 2.3.0
    dev: true

  /p-try/2.2.0:
    resolution:
      {
        integrity: sha512-R4nPAVTAU0B9D35/Gk3uJf/7XYbQcyohSKdvAxIRSNghFl4e71hVoGnBNQz9cWaXxO2I10KTC+3jMdvvoKw6dQ==,
      }
    engines: { node: '>=6' }
    dev: true

  /param-case/3.0.4:
    resolution:
      {
        integrity: sha512-RXlj7zCYokReqWpOPH9oYivUzLYZ5vAPIfEmCTNViosC78F8F0H9y7T7gG2M39ymgutxF5gcFEsyZQSph9Bp3A==,
      }
    dependencies:
      dot-case: 3.0.4
      tslib: 2.5.0
    dev: true

  /pascal-case/3.1.2:
    resolution:
      {
        integrity: sha512-uWlGT3YSnK9x3BQJaOdcZwrnV6hPpd8jFH1/ucpiLRPh/2zCVJKS19E4GvYHvaCcACn3foXZ0cLB9Wrx1KGe5g==,
      }
    dependencies:
      no-case: 3.0.4
      tslib: 2.5.0
    dev: true

  /path-browserify/1.0.1:
    resolution:
      {
        integrity: sha512-b7uo2UCUOYZcnF/3ID0lulOJi/bafxa1xPe7ZPsammBSpjSWQkjNxlt635YGS2MiR9GjvuXCtz2emr3jbsz98g==,
      }
    dev: true

  /path-case/3.0.4:
    resolution:
      {
        integrity: sha512-qO4qCFjXqVTrcbPt/hQfhTQ+VhFsqNKOPtytgNKkKxSoEp3XPUQ8ObFuePylOIok5gjn69ry8XiULxCwot3Wfg==,
      }
    dependencies:
      dot-case: 3.0.4
      tslib: 2.5.0
    dev: true

  /path-exists/4.0.0:
    resolution:
      {
        integrity: sha512-ak9Qy5Q7jYb2Wwcey5Fpvg2KoAc/ZIhLSLOSBmRmygPsGwkVVt0fZa0qrtMz+m6tJTAHfZQ8FnmB4MG4LWy7/w==,
      }
    engines: { node: '>=8' }
    dev: true

  /path-parse/1.0.7:
    resolution:
      {
        integrity: sha512-LDJzPVEEEPR+y48z93A0Ed0yXb8pAByGWo/k5YYdYgpY2/2EsOsksJrq7lOHxryrVOn1ejG6oAp8ahvOIQD8sw==,
      }
    dev: true

  /picocolors/1.0.0:
    resolution:
      {
        integrity: sha512-1fygroTLlHu66zi26VoTDv8yRgm0Fccecssto+MhsZ0D/DGW2sm8E8AjW7NU5VVTRt5GxbeZ5qBuJr+HyLYkjQ==,
      }

  /picomatch/2.3.1:
    resolution:
      {
        integrity: sha512-JU3teHTNjmE2VCGFzuY8EXzCDVwEqB2a8fsIvwaStHhAWJEeVd1o1QD80CU6+ZdEXXSLbSsuLwJjkCBWqRQUVA==,
      }
    engines: { node: '>=8.6' }
    dev: true

  /pkg-dir/4.2.0:
    resolution:
      {
        integrity: sha512-HRDzbaKjC+AOWVXxAU/x54COGeIv9eb+6CkDSQoNTt4XyWoIJvuPsXizxu/Fr23EiekbtZwmh1IcIG/l/a10GQ==,
      }
    engines: { node: '>=8' }
    dependencies:
      find-up: 4.1.0
    dev: true

  /postcss/8.4.21:
    resolution:
      {
        integrity: sha512-tP7u/Sn/dVxK2NnruI4H9BG+x+Wxz6oeZ1cJ8P6G/PZY0IKk4k/63TDsQf2kQq3+qoJeLm2kIBUNlZe3zgb4Zg==,
      }
    engines: { node: ^10 || ^12 || >=14 }
    dependencies:
      nanoid: 3.3.4
      picocolors: 1.0.0
      source-map-js: 1.0.2

  /queue-microtask/1.2.3:
    resolution:
      {
        integrity: sha512-NuaNSa6flKT5JaSYQzJok04JzTL1CA6aGhv5rfLW3PgqA+M2ChpZQnAC8h8i4ZFkBS8X5RqkDBHA7r4hej3K9A==,
      }
    dev: true

  /readdirp/3.6.0:
    resolution:
      {
        integrity: sha512-hOS089on8RduqdbhvQ5Z37A0ESjsqz6qnRcffsMU3495FuTdqSm+7bhJ29JvIOsBDEEnan5DPu9t3To9VRlMzA==,
      }
    engines: { node: '>=8.10.0' }
    dependencies:
      picomatch: 2.3.1
    dev: true

  /require-directory/2.1.1:
    resolution:
      {
        integrity: sha512-fGxEI7+wsG9xrvdjsrlmL22OMTTiHRwAMroiEeMgq8gzoLC/PQr7RsRDSTLUg/bZAZtF+TVIkHc6/4RIKrui+Q==,
      }
    engines: { node: '>=0.10.0' }
    dev: true

  /resolve/1.22.1:
    resolution:
      {
        integrity: sha512-nBpuuYuY5jFsli/JIs1oldw6fOQCBioohqWZg/2hiaOybXOft4lonv85uDOKXdf8rhyK159cxU5cDcK/NKk8zw==,
      }
    hasBin: true
    dependencies:
      is-core-module: 2.11.0
      path-parse: 1.0.7
      supports-preserve-symlinks-flag: 1.0.0
    dev: true

  /reusify/1.0.4:
    resolution:
      {
        integrity: sha512-U9nH88a3fc/ekCF1l0/UP1IosiuIjyTh7hBvXVMHYgVcfGvt897Xguj2UOLDeI5BG2m7/uwyaLVT6fbtCwTyzw==,
      }
    engines: { iojs: '>=1.0.0', node: '>=0.10.0' }
    dev: true

  /rollup-plugin-typescript2/0.34.1_typescript@4.9.5:
    resolution:
      {
        integrity: sha512-P4cHLtGikESmqi1CA+tdMDUv8WbQV48mzPYt77TSTOPJpERyZ9TXdDgjSDix8Fkqce6soYz3+fa4lrC93IEkcw==,
      }
    peerDependencies:
      rollup: '>=1.26.3'
      typescript: '>=2.4.0'
    dependencies:
      '@rollup/pluginutils': 4.2.1
      find-cache-dir: 3.3.2
      fs-extra: 10.1.0
      semver: 7.3.8
      tslib: 2.5.0
      typescript: 4.9.5
    dev: true

  /rollup-plugin-visualizer/5.9.0:
    resolution:
      {
        integrity: sha512-bbDOv47+Bw4C/cgs0czZqfm8L82xOZssk4ayZjG40y9zbXclNk7YikrZTDao6p7+HDiGxrN0b65SgZiVm9k1Cg==,
      }
    engines: { node: '>=14' }
    hasBin: true
    peerDependencies:
      rollup: 2.x || 3.x
    peerDependenciesMeta:
      rollup:
        optional: true
    dependencies:
      open: 8.4.2
      picomatch: 2.3.1
      source-map: 0.7.4
      yargs: 17.7.1
    dev: true

  /rollup/2.79.1:
    resolution:
      {
        integrity: sha512-uKxbd0IhMZOhjAiD5oAFp7BqvkA4Dv47qpOCtaNvng4HBwdbWtdOh8f5nZNuk2rp51PMGk3bzfWu5oayNEuYnw==,
      }
    engines: { node: '>=10.0.0' }
    hasBin: true
    optionalDependencies:
      fsevents: 2.3.2
    dev: true

  /run-parallel/1.2.0:
    resolution:
      {
        integrity: sha512-5l4VyZR86LZ/lDxZTR6jqL8AFE2S0IFLMP26AbjsLVADxHdhB/c0GUsH+y39UfCi3dzz8OlQuPmnaJOMoDHQBA==,
      }
    dependencies:
      queue-microtask: 1.2.3
    dev: true

  /sass/1.58.3:
    resolution:
      {
        integrity: sha512-Q7RaEtYf6BflYrQ+buPudKR26/lH+10EmO9bBqbmPh/KeLqv8bjpTNqxe71ocONqXq+jYiCbpPUmQMS+JJPk4A==,
      }
    engines: { node: '>=12.0.0' }
    hasBin: true
    dependencies:
      chokidar: 3.5.3
      immutable: 4.2.4
      source-map-js: 1.0.2
    dev: true

  /semver/6.3.0:
    resolution:
      {
        integrity: sha512-b39TBaTSfV6yBrapU89p5fKekE2m/NwnDocOVruQFS1/veMgdzuPcnOM34M6CwxW8jH/lxEa5rBoDeUwu5HHTw==,
      }
    hasBin: true
    dev: true

  /semver/7.3.8:
    resolution:
      {
        integrity: sha512-NB1ctGL5rlHrPJtFDVIVzTyQylMLu9N9VICA6HSFJo8MCGVTMW6gfpicwKmmK/dAjTOrqu5l63JJOpDSrAis3A==,
      }
    engines: { node: '>=10' }
    hasBin: true
    dependencies:
      lru-cache: 6.0.0
    dev: true

  /sentence-case/3.0.4:
    resolution:
      {
        integrity: sha512-8LS0JInaQMCRoQ7YUytAo/xUu5W2XnQxV2HI/6uM6U7CITS1RqPElr30V6uIqyMKM9lJGRVFy5/4CuzcixNYSg==,
      }
    dependencies:
      no-case: 3.0.4
      tslib: 2.5.0
      upper-case-first: 2.0.2
    dev: true

  /snake-case/3.0.4:
    resolution:
      {
        integrity: sha512-LAOh4z89bGQvl9pFfNF8V146i7o7/CqFPbqzYgP+yYzDIDeS9HaNFtXABamRW+AQzEVODcvE79ljJ+8a9YSdMg==,
      }
    dependencies:
      dot-case: 3.0.4
      tslib: 2.5.0
    dev: true

  /source-map-js/1.0.2:
    resolution:
      {
        integrity: sha512-R0XvVJ9WusLiqTCEiGCmICCMplcCkIwwR11mOSD9CR5u+IXYdiseeEuXCVAjS54zqwkLcPNnmU4OeJ6tUrWhDw==,
      }
    engines: { node: '>=0.10.0' }

  /source-map/0.6.1:
    resolution:
      {
        integrity: sha512-UjgapumWlbMhkBgzT7Ykc5YXUT46F0iKu8SGXq0bcwP5dz/h0Plj6enJqjz1Zbq2l5WaqYnrVbwWOWMyF3F47g==,
      }
    engines: { node: '>=0.10.0' }

  /source-map/0.7.4:
    resolution:
      {
        integrity: sha512-l3BikUxvPOcn5E74dZiq5BGsTb5yEwhaTSzccU6t4sDOH8NWJCstKO5QT2CvtFoK6F0saL7p9xHAqHOlCPJygA==,
      }
    engines: { node: '>= 8' }
    dev: true

  /sourcemap-codec/1.4.8:
    resolution:
      {
        integrity: sha512-9NykojV5Uih4lgo5So5dtw+f0JgJX30KCNI8gwhz2J9A15wD0Ml6tjHKwf6fTSa6fAdVBdZeNOs9eJ71qCk8vA==,
      }
    deprecated: Please use @jridgewell/sourcemap-codec instead

  /string-width/4.2.3:
    resolution:
      {
        integrity: sha512-wKyQRQpjJ0sIp62ErSZdGsjMJWsap5oRNihHhu6G7JVO/9jIB6UyevL+tXuOqrng8j/cxKTWyWUwvSTriiZz/g==,
      }
    engines: { node: '>=8' }
    dependencies:
      emoji-regex: 8.0.0
      is-fullwidth-code-point: 3.0.0
      strip-ansi: 6.0.1
    dev: true

  /strip-ansi/6.0.1:
    resolution:
      {
        integrity: sha512-Y38VPSHcqkFrCpFnQ9vuSXmquuv5oXOKpGeT6aGrr3o3Gc9AlVa6JBfUSOCnbxGGZF+/0ooI7KrPuUSztUdU5A==,
      }
    engines: { node: '>=8' }
    dependencies:
      ansi-regex: 5.0.1
    dev: true

  /supports-preserve-symlinks-flag/1.0.0:
    resolution:
      {
        integrity: sha512-ot0WnXS9fgdkgIcePe6RHNk1WA8+muPa6cSjeR3V8K27q9BB1rTE3R1p7Hv0z1ZyAc8s6Vvv8DIyWf681MAt0w==,
      }
    engines: { node: '>= 0.4' }
    dev: true

  /to-fast-properties/2.0.0:
    resolution:
      {
        integrity: sha512-/OaKK0xYrs3DmxRYqL/yDc+FxFUVYhDlXMhRmv3z915w2HF1tnN1omB354j8VUGO/hbRzyD6Y3sA7v7GS/ceog==,
      }
    engines: { node: '>=4' }

  /to-regex-range/5.0.1:
    resolution:
      {
        integrity: sha512-65P7iz6X5yEr1cwcgvQxbbIw7Uk3gOy5dIdtZ4rDveLqhrdJP+Li/Hx6tyK0NEb+2GCyneCMJiGqrADCSNk8sQ==,
      }
    engines: { node: '>=8.0' }
    dependencies:
      is-number: 7.0.0
    dev: true

  /ts-morph/11.0.3:
    resolution:
      {
        integrity: sha512-ymuPkndv9rzqTLiHWMkVrFXWcN4nBiBGhRP/kTC9F5amAAl7BNLfyrsTzMD1o9A0zishKoF1KQT/0yyFhJnPgA==,
      }
    dependencies:
      '@ts-morph/common': 0.10.1
      code-block-writer: 10.1.1
    dev: true

  /tslib/2.5.0:
    resolution:
      {
        integrity: sha512-336iVw3rtn2BUK7ORdIAHTyxHGRIHVReokCR3XjbckJMK7ms8FysBfhLR8IXnAgy7T0PTPNBWKiH514FOW/WSg==,
      }
    dev: true

  /typescript/4.9.5:
    resolution:
      {
        integrity: sha512-1FXk9E2Hm+QzZQ7z+McJiHL4NW1F2EzMu9Nq9i3zAaGqibafqYwCVU6WyWAuyQRRzOlxou8xZSyXLEN8oKj24g==,
      }
    engines: { node: '>=4.2.0' }
    hasBin: true
    dev: true

  /universalify/2.0.0:
    resolution:
      {
        integrity: sha512-hAZsKq7Yy11Zu1DE0OzWjw7nnLZmJZYTDZZyEFHZdUhV8FkH5MCfoU1XMaxXovpyW5nq5scPqq0ZDP9Zyl04oQ==,
      }
    engines: { node: '>= 10.0.0' }
    dev: true

  /upper-case-first/2.0.2:
    resolution:
      {
        integrity: sha512-514ppYHBaKwfJRK/pNC6c/OxfGa0obSnAl106u97Ed0I625Nin96KAjttZF6ZL3e1XLtphxnqrOi9iWgm+u+bg==,
      }
    dependencies:
      tslib: 2.5.0
    dev: true

  /upper-case/2.0.2:
    resolution:
      {
        integrity: sha512-KgdgDGJt2TpuwBUIjgG6lzw2GWFRCW9Qkfkiv0DxqHHLYJHmtmdUIKcZd8rHgFSjopVTlw6ggzCm1b8MFQwikg==,
      }
    dependencies:
      tslib: 2.5.0
    dev: true

  /vite-plugin-dts/0.8.3_vite@3.2.5:
    resolution:
      {
        integrity: sha512-ChWyCb3Y4NbpHlgsxQevMbcvehvhQn9dEunjIvNIu0YN6sPkxROQJ6QEBRHrxgL5O9vf0dsCfIBLjGkOl0t2Xw==,
      }
    engines: { node: '>=12.0.0' }
    peerDependencies:
      vite: '>=2.4.4'
    dependencies:
      fast-glob: 3.2.12
      fs-extra: 10.1.0
      ts-morph: 11.0.3
      vite: 3.2.5_fpjv4tsigblrciiftj5iuq7r5i
    dev: true

  /vite-plugin-style-import/1.4.1_vite@3.2.5:
    resolution:
      {
        integrity: sha512-lJCRvm7+So0hHdnSJiJPg9gD5mxtL6YY0jmhEph+k7ArpsyvqOh6han2kG5htbWWDZxHkUN9d1BuTFL//yCLLQ==,
      }
    peerDependencies:
      vite: '>=2.0.0'
    dependencies:
      '@rollup/pluginutils': 4.2.1
      change-case: 4.1.2
      debug: 4.3.4
      es-module-lexer: 0.9.3
      fs-extra: 10.1.0
      magic-string: 0.25.9
      vite: 3.2.5_fpjv4tsigblrciiftj5iuq7r5i
    transitivePeerDependencies:
      - supports-color
    dev: true

  /vite/3.2.5_fpjv4tsigblrciiftj5iuq7r5i:
    resolution:
      {
        integrity: sha512-4mVEpXpSOgrssFZAOmGIr85wPHKvaDAcXqxVxVRZhljkJOMZi1ibLibzjLHzJvcok8BMguLc7g1W6W/GqZbLdQ==,
      }
    engines: { node: ^14.18.0 || >=16.0.0 }
    hasBin: true
    peerDependencies:
      '@types/node': '>= 14'
      less: '*'
      sass: '*'
      stylus: '*'
      sugarss: '*'
      terser: ^5.4.0
    peerDependenciesMeta:
      '@types/node':
        optional: true
      less:
        optional: true
      sass:
        optional: true
      stylus:
        optional: true
      sugarss:
        optional: true
      terser:
        optional: true
    dependencies:
      '@types/node': 16.18.14
      esbuild: 0.15.18
      postcss: 8.4.21
      resolve: 1.22.1
      rollup: 2.79.1
      sass: 1.58.3
    optionalDependencies:
      fsevents: 2.3.2
    dev: true

  /vue-tsc/0.40.13_typescript@4.9.5:
    resolution:
      {
        integrity: sha512-xzuN3g5PnKfJcNrLv4+mAjteMd5wLm5fRhW0034OfNJZY4WhB07vhngea/XeGn7wNYt16r7syonzvW/54dcNiA==,
      }
    hasBin: true
    peerDependencies:
      typescript: '*'
    dependencies:
      '@volar/vue-language-core': 0.40.13
      '@volar/vue-typescript': 0.40.13
      typescript: 4.9.5
    dev: true

  /vue/3.2.47:
    resolution:
      {
        integrity: sha512-60188y/9Dc9WVrAZeUVSDxRQOZ+z+y5nO2ts9jWXSTkMvayiWxCWOWtBQoYjLeccfXkiiPZWAHcV+WTPhkqJHQ==,
      }
    dependencies:
      '@vue/compiler-dom': 3.2.47
      '@vue/compiler-sfc': 3.2.47
      '@vue/runtime-dom': 3.2.47
      '@vue/server-renderer': 3.2.47_vue@3.2.47
      '@vue/shared': 3.2.47

  /vue3-sfc-loader/0.8.4:
    resolution:
      {
        integrity: sha512-eziaIrk/N9f9OCpyFEkR6vMsZUHcF5mQslXjffwcb5Iq6EuU74QrlpBeJqA04MvAGT7f5O8la2v9k3NtQnJb3Q==,
      }
    dev: false

  /wrap-ansi/7.0.0:
    resolution:
      {
        integrity: sha512-YVGIj2kamLSTxw6NsZjoBxfSwsn0ycdesmc4p+Q21c5zPuZ1pl+NfxVdxPtdHvmNVOQ6XSYG4AUtyt/Fi7D16Q==,
      }
    engines: { node: '>=10' }
    dependencies:
      ansi-styles: 4.3.0
      string-width: 4.2.3
      strip-ansi: 6.0.1
    dev: true

  /y18n/5.0.8:
    resolution:
      {
        integrity: sha512-0pfFzegeDWJHJIAmTLRP2DwHjdF5s7jo9tuztdQxAhINCdvS+3nGINqPd00AphqJR/0LhANUS6/+7SCb98YOfA==,
      }
    engines: { node: '>=10' }
    dev: true

  /yallist/4.0.0:
    resolution:
      {
        integrity: sha512-3wdGidZyq5PB084XLES5TpOSRA3wjXAlIWMhum2kRcv/41Sn2emQ0dycQW4uZXLejwKvg6EsvbdlVL+FYEct7A==,
      }
    dev: true

  /yargs-parser/21.1.1:
    resolution:
      {
        integrity: sha512-tVpsJW7DdjecAiFpbIB1e3qxIQsE6NoPc5/eTdrbbIC4h0LVsWhnoa3g+m2HclBIujHzsxZ4VJVA+GUuc2/LBw==,
      }
    engines: { node: '>=12' }
    dev: true

  /yargs/17.7.1:
    resolution:
      {
        integrity: sha512-cwiTb08Xuv5fqF4AovYacTFNxk62th7LKJ6BL9IGUpTJrWoU7/7WdQGTP2SjKf1dUNBGzDd28p/Yfs/GI6JrLw==,
      }
    engines: { node: '>=12' }
    dependencies:
      cliui: 8.0.1
      escalade: 3.1.1
      get-caller-file: 2.0.5
      require-directory: 2.1.1
      string-width: 4.2.3
      y18n: 5.0.8
      yargs-parser: 21.1.1
    dev: true
